
Microsoft Visual Studio Solution File, Format Version 12.00
# Visual Studio 15
Project("{FAE04EC0-301F-11D3-BF4B-00C04F79EFBC}") = "UnityEngine.UI", "UnityEngine.UI.csproj", "{37F82A92-DB70-E39E-8BF4-539350BE8158}"
EndProject
Project("{FAE04EC0-301F-11D3-BF4B-00C04F79EFBC}") = "Assembly-CSharp", "Assembly-CSharp.csproj", "{19C12A49-7338-42ED-008F-FE63F5CC7172}"
EndProject
Project("{FAE04EC0-301F-11D3-BF4B-00C04F79EFBC}") = "UnityEngine.TestRunner", "UnityEngine.TestRunner.csproj", "{B2679BC2-E56A-41C6-160D-3E729F5A3AED}"
EndProject
Project("{FAE04EC0-301F-11D3-BF4B-00C04F79EFBC}") = "Unity.Mathematics", "Unity.Mathematics.csproj", "{5E525FC7-4984-02C6-1735-11B5C148783C}"
EndProject
Project("{FAE04EC0-301F-11D3-BF4B-00C04F79EFBC}") = "Unity.Timeline", "Unity.Timeline.csproj", "{243FD0F4-2587-5C9D-4A46-30B81BCB894E}"
EndProject
Project("{FAE04EC0-301F-11D3-BF4B-00C04F79EFBC}") = "Unity.TextMeshPro", "Unity.TextMeshPro.csproj", "{12C1E4E3-D221-D0DD-DD0A-9B38CF2B9299}"
EndProject
Project("{FAE04EC0-301F-11D3-BF4B-00C04F79EFBC}") = "Unity.2D.Animation.Runtime", "Unity.2D.Animation.Runtime.csproj", "{7E8C24AF-02E5-2B47-3E03-D771FA24A0D9}"
EndProject
Project("{FAE04EC0-301F-11D3-BF4B-00C04F79EFBC}") = "Unity.2D.IK.Runtime", "Unity.2D.IK.Runtime.csproj", "{A5B7D665-C422-F168-0053-5E0A8801163C}"
EndProject
Project("{FAE04EC0-301F-11D3-BF4B-00C04F79EFBC}") = "Unity.2D.SpriteShape.Runtime", "Unity.2D.SpriteShape.Runtime.csproj", "{6AEB8271-7537-35DD-4172-BA337EF2A686}"
EndProject
Project("{FAE04EC0-301F-11D3-BF4B-00C04F79EFBC}") = "Unity.2D.PixelPerfect", "Unity.2D.PixelPerfect.csproj", "{1EEE3DAB-4F8A-ADEB-EE63-B3DDB20FF0AA}"
EndProject
Project("{FAE04EC0-301F-11D3-BF4B-00C04F79EFBC}") = "Unity.2D.Common.Runtime", "Unity.2D.Common.Runtime.csproj", "{4D13E41A-E974-E5AA-F332-1071BC169821}"
EndProject
Project("{FAE04EC0-301F-11D3-BF4B-00C04F79EFBC}") = "Unity.InternalAPIEngineBridge.001", "Unity.InternalAPIEngineBridge.001.csproj", "{AF7CB545-80D4-41A3-F0D2-9BBE181F223A}"
EndProject
Project("{FAE04EC0-301F-11D3-BF4B-00C04F79EFBC}") = "UnityEditor.TestRunner", "UnityEditor.TestRunner.csproj", "{13964CA8-6AD5-9CA5-8848-859ECF3D025C}"
EndProject
Project("{FAE04EC0-301F-11D3-BF4B-00C04F79EFBC}") = "Unity.PlasticSCM.Editor", "Unity.PlasticSCM.Editor.csproj", "{A5A368A8-DCCF-589A-414B-4F8CD5237E2F}"
EndProject
Project("{FAE04EC0-301F-11D3-BF4B-00C04F79EFBC}") = "Unity.2D.Animation.Triangle.Editor", "Unity.2D.Animation.Triangle.Editor.csproj", "{FF93ABB6-0226-B704-9C18-30C5757A6E62}"
EndProject
Project("{FAE04EC0-301F-11D3-BF4B-00C04F79EFBC}") = "UnityEditor.UI", "UnityEditor.UI.csproj", "{D67F2E10-4289-DD53-EE9E-37BE29080940}"
EndProject
Project("{FAE04EC0-301F-11D3-BF4B-00C04F79EFBC}") = "Unity.Timeline.Editor", "Unity.Timeline.Editor.csproj", "{69D314D8-515F-B3DA-1A34-D36FFA4C962F}"
EndProject
Project("{FAE04EC0-301F-11D3-BF4B-00C04F79EFBC}") = "Unity.VisualStudio.Editor", "Unity.VisualStudio.Editor.csproj", "{4FF35285-A890-7B5E-5A88-DE92D192DF83}"
EndProject
Project("{FAE04EC0-301F-11D3-BF4B-00C04F79EFBC}") = "Unity.2D.Psdimporter.Editor", "Unity.2D.Psdimporter.Editor.csproj", "{662BAF40-2279-50E8-40C9-4FC26E13043C}"
EndProject
Project("{FAE04EC0-301F-11D3-BF4B-00C04F79EFBC}") = "Unity.2D.Animation.Editor", "Unity.2D.Animation.Editor.csproj", "{3DB8F377-426E-558E-D9FE-2D9CBB98A56D}"
EndProject
Project("{FAE04EC0-301F-11D3-BF4B-00C04F79EFBC}") = "Unity.TextMeshPro.Editor", "Unity.TextMeshPro.Editor.csproj", "{8FDB33FC-15C3-8269-807D-9044AC354DC7}"
EndProject
Project("{FAE04EC0-301F-11D3-BF4B-00C04F79EFBC}") = "Unity.2D.SpriteShape.Editor", "Unity.2D.SpriteShape.Editor.csproj", "{9D2FCD53-DF83-B6A8-C001-ADC49DAB30F5}"
EndProject
Project("{FAE04EC0-301F-11D3-BF4B-00C04F79EFBC}") = "PsdPlugin", "PsdPlugin.csproj", "{5E2BEB45-F8AA-2675-470B-A9BC760FC3C6}"
EndProject
Project("{FAE04EC0-301F-11D3-BF4B-00C04F79EFBC}") = "Unity.2D.Path.Editor", "Unity.2D.Path.Editor.csproj", "{F3072E68-1924-0722-AAB3-341FF597DEAA}"
EndProject
Project("{FAE04EC0-301F-11D3-BF4B-00C04F79EFBC}") = "Unity.Rider.Editor", "Unity.Rider.Editor.csproj", "{868753F4-837A-0441-184A-9276FB6BE83D}"
EndProject
Project("{FAE04EC0-301F-11D3-BF4B-00C04F79EFBC}") = "Unity.2D.IK.Editor", "Unity.2D.IK.Editor.csproj", "{261AB3DD-FDF0-652F-27B4-8919894AB10B}"
EndProject
Project("{FAE04EC0-301F-11D3-BF4B-00C04F79EFBC}") = "Unity.2D.Sprite.Editor", "Unity.2D.Sprite.Editor.csproj", "{08DA018F-2508-68C2-8328-7DD0D157D70A}"
EndProject
Project("{FAE04EC0-301F-11D3-BF4B-00C04F79EFBC}") = "Unity.2D.Tilemap.Editor", "Unity.2D.Tilemap.Editor.csproj", "{C23B8E38-0563-2EFB-ABF8-A91F46152345}"
EndProject
Project("{FAE04EC0-301F-11D3-BF4B-00C04F79EFBC}") = "Unity.2D.PixelPerfect.Editor", "Unity.2D.PixelPerfect.Editor.csproj", "{4F49DBC9-A543-6DA6-3094-F551317BA529}"
EndProject
Project("{FAE04EC0-301F-11D3-BF4B-00C04F79EFBC}") = "Unity.VSCode.Editor", "Unity.VSCode.Editor.csproj", "{F9E05099-26B9-FCE3-9B8F-6D71D9C0B287}"
EndProject
Project("{FAE04EC0-301F-11D3-BF4B-00C04F79EFBC}") = "Unity.2D.Common.Editor", "Unity.2D.Common.Editor.csproj", "{CA06B604-EFD2-6C8F-9C66-7A5036EF0CC1}"
EndProject
Project("{FAE04EC0-301F-11D3-BF4B-00C04F79EFBC}") = "Unity.Mathematics.Editor", "Unity.Mathematics.Editor.csproj", "{B167B4AC-DAC3-B368-CD1F-5668D697AC85}"
EndProject
Project("{FAE04EC0-301F-11D3-BF4B-00C04F79EFBC}") = "Unity.CollabProxy.Editor", "Unity.CollabProxy.Editor.csproj", "{28FA3E8B-9482-A573-77F8-D4E8A715EFAC}"
EndProject
Project("{FAE04EC0-301F-11D3-BF4B-00C04F79EFBC}") = "Unity.InternalAPIEditorBridge.001", "Unity.InternalAPIEditorBridge.001.csproj", "{0FE831AD-3CC2-CFB1-B985-4CB5E46E2181}"
EndProject
Project("{FAE04EC0-301F-11D3-BF4B-00C04F79EFBC}") = "UnityEngine.UI", "UnityEngine.UI.Player.csproj", "{68C4E88C-CB35-5431-7B1E-1568235BFB2E}"
EndProject
Project("{FAE04EC0-301F-11D3-BF4B-00C04F79EFBC}") = "Assembly-CSharp", "Assembly-CSharp.Player.csproj", "{FF1CD722-3B68-EEFE-0CFF-52DBA0C6F74C}"
EndProject
Project("{FAE04EC0-301F-11D3-BF4B-00C04F79EFBC}") = "UnityEngine.TestRunner", "UnityEngine.TestRunner.Player.csproj", "{53563007-D8FE-4977-4145-19315075C307}"
EndProject
Project("{FAE04EC0-301F-11D3-BF4B-00C04F79EFBC}") = "Unity.Mathematics", "Unity.Mathematics.Player.csproj", "{212BA191-724F-8A6A-CA3C-EE67EEBD0774}"
EndProject
Project("{FAE04EC0-301F-11D3-BF4B-00C04F79EFBC}") = "Unity.Timeline", "Unity.Timeline.Player.csproj", "{0236815F-17FA-168B-C19C-32E613ABF124}"
EndProject
Project("{FAE04EC0-301F-11D3-BF4B-00C04F79EFBC}") = "Unity.TextMeshPro", "Unity.TextMeshPro.Player.csproj", "{BC664431-6B4D-B171-793D-3CE4583EDA3B}"
EndProject
Project("{FAE04EC0-301F-11D3-BF4B-00C04F79EFBC}") = "Unity.2D.Animation.Runtime", "Unity.2D.Animation.Runtime.Player.csproj", "{D55737EA-C47E-C267-1E4A-3F111F59D4C0}"
EndProject
Project("{FAE04EC0-301F-11D3-BF4B-00C04F79EFBC}") = "Unity.2D.IK.Runtime", "Unity.2D.IK.Runtime.Player.csproj", "{66CB4E6C-B9D8-1EA1-4292-0623EDC6D03B}"
EndProject
Project("{FAE04EC0-301F-11D3-BF4B-00C04F79EFBC}") = "Unity.2D.SpriteShape.Runtime", "Unity.2D.SpriteShape.Runtime.Player.csproj", "{32FD6D7C-4518-2F77-E20F-D307E83C81EF}"
EndProject
Project("{FAE04EC0-301F-11D3-BF4B-00C04F79EFBC}") = "Unity.2D.PixelPerfect", "Unity.2D.PixelPerfect.Player.csproj", "{82769C00-2529-8BC3-384E-E7E500B86FF4}"
EndProject
Project("{FAE04EC0-301F-11D3-BF4B-00C04F79EFBC}") = "Unity.2D.Common.Runtime", "Unity.2D.Common.Runtime.Player.csproj", "{F6A1796C-6D69-ECB0-96B9-7D56561301E9}"
EndProject
Project("{FAE04EC0-301F-11D3-BF4B-00C04F79EFBC}") = "Unity.InternalAPIEngineBridge.001", "Unity.InternalAPIEngineBridge.001.Player.csproj", "{3A24AAD8-217F-76DD-E520-5E14BEE9C6F7}"
EndProject
Global
	GlobalSection(SolutionConfigurationPlatforms) = preSolution
		Debug|Any CPU = Debug|Any CPU
		Release|Any CPU = Release|Any CPU
	EndGlobalSection
	GlobalSection(ProjectConfigurationPlatforms) = postSolution
		{37F82A92-DB70-E39E-8BF4-539350BE8158}.Debug|Any CPU.ActiveCfg = Debug|Any CPU
		{37F82A92-DB70-E39E-8BF4-539350BE8158}.Debug|Any CPU.Build.0 = Debug|Any CPU
		{37F82A92-DB70-E39E-8BF4-539350BE8158}.Release|Any CPU.ActiveCfg = Release|Any CPU
		{37F82A92-DB70-E39E-8BF4-539350BE8158}.Release|Any CPU.Build.0 = Release|Any CPU
		{19C12A49-7338-42ED-008F-FE63F5CC7172}.Debug|Any CPU.ActiveCfg = Debug|Any CPU
		{19C12A49-7338-42ED-008F-FE63F5CC7172}.Debug|Any CPU.Build.0 = Debug|Any CPU
		{19C12A49-7338-42ED-008F-FE63F5CC7172}.Release|Any CPU.ActiveCfg = Release|Any CPU
		{19C12A49-7338-42ED-008F-FE63F5CC7172}.Release|Any CPU.Build.0 = Release|Any CPU
		{B2679BC2-E56A-41C6-160D-3E729F5A3AED}.Debug|Any CPU.ActiveCfg = Debug|Any CPU
		{B2679BC2-E56A-41C6-160D-3E729F5A3AED}.Debug|Any CPU.Build.0 = Debug|Any CPU
		{B2679BC2-E56A-41C6-160D-3E729F5A3AED}.Release|Any CPU.ActiveCfg = Release|Any CPU
		{B2679BC2-E56A-41C6-160D-3E729F5A3AED}.Release|Any CPU.Build.0 = Release|Any CPU
		{5E525FC7-4984-02C6-1735-11B5C148783C}.Debug|Any CPU.ActiveCfg = Debug|Any CPU
		{5E525FC7-4984-02C6-1735-11B5C148783C}.Debug|Any CPU.Build.0 = Debug|Any CPU
		{5E525FC7-4984-02C6-1735-11B5C148783C}.Release|Any CPU.ActiveCfg = Release|Any CPU
		{5E525FC7-4984-02C6-1735-11B5C148783C}.Release|Any CPU.Build.0 = Release|Any CPU
		{243FD0F4-2587-5C9D-4A46-30B81BCB894E}.Debug|Any CPU.ActiveCfg = Debug|Any CPU
		{243FD0F4-2587-5C9D-4A46-30B81BCB894E}.Debug|Any CPU.Build.0 = Debug|Any CPU
		{243FD0F4-2587-5C9D-4A46-30B81BCB894E}.Release|Any CPU.ActiveCfg = Release|Any CPU
		{243FD0F4-2587-5C9D-4A46-30B81BCB894E}.Release|Any CPU.Build.0 = Release|Any CPU
		{12C1E4E3-D221-D0DD-DD0A-9B38CF2B9299}.Debug|Any CPU.ActiveCfg = Debug|Any CPU
		{12C1E4E3-D221-D0DD-DD0A-9B38CF2B9299}.Debug|Any CPU.Build.0 = Debug|Any CPU
		{12C1E4E3-D221-D0DD-DD0A-9B38CF2B9299}.Release|Any CPU.ActiveCfg = Release|Any CPU
		{12C1E4E3-D221-D0DD-DD0A-9B38CF2B9299}.Release|Any CPU.Build.0 = Release|Any CPU
		{7E8C24AF-02E5-2B47-3E03-D771FA24A0D9}.Debug|Any CPU.ActiveCfg = Debug|Any CPU
		{7E8C24AF-02E5-2B47-3E03-D771FA24A0D9}.Debug|Any CPU.Build.0 = Debug|Any CPU
		{7E8C24AF-02E5-2B47-3E03-D771FA24A0D9}.Release|Any CPU.ActiveCfg = Release|Any CPU
		{7E8C24AF-02E5-2B47-3E03-D771FA24A0D9}.Release|Any CPU.Build.0 = Release|Any CPU
		{A5B7D665-C422-F168-0053-5E0A8801163C}.Debug|Any CPU.ActiveCfg = Debug|Any CPU
		{A5B7D665-C422-F168-0053-5E0A8801163C}.Debug|Any CPU.Build.0 = Debug|Any CPU
		{A5B7D665-C422-F168-0053-5E0A8801163C}.Release|Any CPU.ActiveCfg = Release|Any CPU
		{A5B7D665-C422-F168-0053-5E0A8801163C}.Release|Any CPU.Build.0 = Release|Any CPU
		{6AEB8271-7537-35DD-4172-BA337EF2A686}.Debug|Any CPU.ActiveCfg = Debug|Any CPU
		{6AEB8271-7537-35DD-4172-BA337EF2A686}.Debug|Any CPU.Build.0 = Debug|Any CPU
		{6AEB8271-7537-35DD-4172-BA337EF2A686}.Release|Any CPU.ActiveCfg = Release|Any CPU
		{6AEB8271-7537-35DD-4172-BA337EF2A686}.Release|Any CPU.Build.0 = Release|Any CPU
		{1EEE3DAB-4F8A-ADEB-EE63-B3DDB20FF0AA}.Debug|Any CPU.ActiveCfg = Debug|Any CPU
		{1EEE3DAB-4F8A-ADEB-EE63-B3DDB20FF0AA}.Debug|Any CPU.Build.0 = Debug|Any CPU
		{1EEE3DAB-4F8A-ADEB-EE63-B3DDB20FF0AA}.Release|Any CPU.ActiveCfg = Release|Any CPU
		{1EEE3DAB-4F8A-ADEB-EE63-B3DDB20FF0AA}.Release|Any CPU.Build.0 = Release|Any CPU
		{4D13E41A-E974-E5AA-F332-1071BC169821}.Debug|Any CPU.ActiveCfg = Debug|Any CPU
		{4D13E41A-E974-E5AA-F332-1071BC169821}.Debug|Any CPU.Build.0 = Debug|Any CPU
		{4D13E41A-E974-E5AA-F332-1071BC169821}.Release|Any CPU.ActiveCfg = Release|Any CPU
		{4D13E41A-E974-E5AA-F332-1071BC169821}.Release|Any CPU.Build.0 = Release|Any CPU
		{AF7CB545-80D4-41A3-F0D2-9BBE181F223A}.Debug|Any CPU.ActiveCfg = Debug|Any CPU
		{AF7CB545-80D4-41A3-F0D2-9BBE181F223A}.Debug|Any CPU.Build.0 = Debug|Any CPU
		{AF7CB545-80D4-41A3-F0D2-9BBE181F223A}.Release|Any CPU.ActiveCfg = Release|Any CPU
		{AF7CB545-80D4-41A3-F0D2-9BBE181F223A}.Release|Any CPU.Build.0 = Release|Any CPU
		{13964CA8-6AD5-9CA5-8848-859ECF3D025C}.Debug|Any CPU.ActiveCfg = Debug|Any CPU
		{13964CA8-6AD5-9CA5-8848-859ECF3D025C}.Debug|Any CPU.Build.0 = Debug|Any CPU
		{13964CA8-6AD5-9CA5-8848-859ECF3D025C}.Release|Any CPU.ActiveCfg = Release|Any CPU
		{13964CA8-6AD5-9CA5-8848-859ECF3D025C}.Release|Any CPU.Build.0 = Release|Any CPU
		{A5A368A8-DCCF-589A-414B-4F8CD5237E2F}.Debug|Any CPU.ActiveCfg = Debug|Any CPU
		{A5A368A8-DCCF-589A-414B-4F8CD5237E2F}.Debug|Any CPU.Build.0 = Debug|Any CPU
		{A5A368A8-DCCF-589A-414B-4F8CD5237E2F}.Release|Any CPU.ActiveCfg = Release|Any CPU
		{A5A368A8-DCCF-589A-414B-4F8CD5237E2F}.Release|Any CPU.Build.0 = Release|Any CPU
		{FF93ABB6-0226-B704-9C18-30C5757A6E62}.Debug|Any CPU.ActiveCfg = Debug|Any CPU
		{FF93ABB6-0226-B704-9C18-30C5757A6E62}.Debug|Any CPU.Build.0 = Debug|Any CPU
		{FF93ABB6-0226-B704-9C18-30C5757A6E62}.Release|Any CPU.ActiveCfg = Release|Any CPU
		{FF93ABB6-0226-B704-9C18-30C5757A6E62}.Release|Any CPU.Build.0 = Release|Any CPU
		{D67F2E10-4289-DD53-EE9E-37BE29080940}.Debug|Any CPU.ActiveCfg = Debug|Any CPU
		{D67F2E10-4289-DD53-EE9E-37BE29080940}.Debug|Any CPU.Build.0 = Debug|Any CPU
		{D67F2E10-4289-DD53-EE9E-37BE29080940}.Release|Any CPU.ActiveCfg = Release|Any CPU
		{D67F2E10-4289-DD53-EE9E-37BE29080940}.Release|Any CPU.Build.0 = Release|Any CPU
		{69D314D8-515F-B3DA-1A34-D36FFA4C962F}.Debug|Any CPU.ActiveCfg = Debug|Any CPU
		{69D314D8-515F-B3DA-1A34-D36FFA4C962F}.Debug|Any CPU.Build.0 = Debug|Any CPU
		{69D314D8-515F-B3DA-1A34-D36FFA4C962F}.Release|Any CPU.ActiveCfg = Release|Any CPU
		{69D314D8-515F-B3DA-1A34-D36FFA4C962F}.Release|Any CPU.Build.0 = Release|Any CPU
		{4FF35285-A890-7B5E-5A88-DE92D192DF83}.Debug|Any CPU.ActiveCfg = Debug|Any CPU
		{4FF35285-A890-7B5E-5A88-DE92D192DF83}.Debug|Any CPU.Build.0 = Debug|Any CPU
		{4FF35285-A890-7B5E-5A88-DE92D192DF83}.Release|Any CPU.ActiveCfg = Release|Any CPU
		{4FF35285-A890-7B5E-5A88-DE92D192DF83}.Release|Any CPU.Build.0 = Release|Any CPU
		{662BAF40-2279-50E8-40C9-4FC26E13043C}.Debug|Any CPU.ActiveCfg = Debug|Any CPU
		{662BAF40-2279-50E8-40C9-4FC26E13043C}.Debug|Any CPU.Build.0 = Debug|Any CPU
		{662BAF40-2279-50E8-40C9-4FC26E13043C}.Release|Any CPU.ActiveCfg = Release|Any CPU
		{662BAF40-2279-50E8-40C9-4FC26E13043C}.Release|Any CPU.Build.0 = Release|Any CPU
		{3DB8F377-426E-558E-D9FE-2D9CBB98A56D}.Debug|Any CPU.ActiveCfg = Debug|Any CPU
		{3DB8F377-426E-558E-D9FE-2D9CBB98A56D}.Debug|Any CPU.Build.0 = Debug|Any CPU
		{3DB8F377-426E-558E-D9FE-2D9CBB98A56D}.Release|Any CPU.ActiveCfg = Release|Any CPU
		{3DB8F377-426E-558E-D9FE-2D9CBB98A56D}.Release|Any CPU.Build.0 = Release|Any CPU
		{8FDB33FC-15C3-8269-807D-9044AC354DC7}.Debug|Any CPU.ActiveCfg = Debug|Any CPU
		{8FDB33FC-15C3-8269-807D-9044AC354DC7}.Debug|Any CPU.Build.0 = Debug|Any CPU
		{8FDB33FC-15C3-8269-807D-9044AC354DC7}.Release|Any CPU.ActiveCfg = Release|Any CPU
		{8FDB33FC-15C3-8269-807D-9044AC354DC7}.Release|Any CPU.Build.0 = Release|Any CPU
		{9D2FCD53-DF83-B6A8-C001-ADC49DAB30F5}.Debug|Any CPU.ActiveCfg = Debug|Any CPU
		{9D2FCD53-DF83-B6A8-C001-ADC49DAB30F5}.Debug|Any CPU.Build.0 = Debug|Any CPU
		{9D2FCD53-DF83-B6A8-C001-ADC49DAB30F5}.Release|Any CPU.ActiveCfg = Release|Any CPU
		{9D2FCD53-DF83-B6A8-C001-ADC49DAB30F5}.Release|Any CPU.Build.0 = Release|Any CPU
		{5E2BEB45-F8AA-2675-470B-A9BC760FC3C6}.Debug|Any CPU.ActiveCfg = Debug|Any CPU
		{5E2BEB45-F8AA-2675-470B-A9BC760FC3C6}.Debug|Any CPU.Build.0 = Debug|Any CPU
		{5E2BEB45-F8AA-2675-470B-A9BC760FC3C6}.Release|Any CPU.ActiveCfg = Release|Any CPU
		{5E2BEB45-F8AA-2675-470B-A9BC760FC3C6}.Release|Any CPU.Build.0 = Release|Any CPU
		{F3072E68-1924-0722-AAB3-341FF597DEAA}.Debug|Any CPU.ActiveCfg = Debug|Any CPU
		{F3072E68-1924-0722-AAB3-341FF597DEAA}.Debug|Any CPU.Build.0 = Debug|Any CPU
		{F3072E68-1924-0722-AAB3-341FF597DEAA}.Release|Any CPU.ActiveCfg = Release|Any CPU
		{F3072E68-1924-0722-AAB3-341FF597DEAA}.Release|Any CPU.Build.0 = Release|Any CPU
		{868753F4-837A-0441-184A-9276FB6BE83D}.Debug|Any CPU.ActiveCfg = Debug|Any CPU
		{868753F4-837A-0441-184A-9276FB6BE83D}.Debug|Any CPU.Build.0 = Debug|Any CPU
		{868753F4-837A-0441-184A-9276FB6BE83D}.Release|Any CPU.ActiveCfg = Release|Any CPU
		{868753F4-837A-0441-184A-9276FB6BE83D}.Release|Any CPU.Build.0 = Release|Any CPU
		{261AB3DD-FDF0-652F-27B4-8919894AB10B}.Debug|Any CPU.ActiveCfg = Debug|Any CPU
		{261AB3DD-FDF0-652F-27B4-8919894AB10B}.Debug|Any CPU.Build.0 = Debug|Any CPU
		{261AB3DD-FDF0-652F-27B4-8919894AB10B}.Release|Any CPU.ActiveCfg = Release|Any CPU
		{261AB3DD-FDF0-652F-27B4-8919894AB10B}.Release|Any CPU.Build.0 = Release|Any CPU
		{08DA018F-2508-68C2-8328-7DD0D157D70A}.Debug|Any CPU.ActiveCfg = Debug|Any CPU
		{08DA018F-2508-68C2-8328-7DD0D157D70A}.Debug|Any CPU.Build.0 = Debug|Any CPU
		{08DA018F-2508-68C2-8328-7DD0D157D70A}.Release|Any CPU.ActiveCfg = Release|Any CPU
		{08DA018F-2508-68C2-8328-7DD0D157D70A}.Release|Any CPU.Build.0 = Release|Any CPU
		{C23B8E38-0563-2EFB-ABF8-A91F46152345}.Debug|Any CPU.ActiveCfg = Debug|Any CPU
		{C23B8E38-0563-2EFB-ABF8-A91F46152345}.Debug|Any CPU.Build.0 = Debug|Any CPU
		{C23B8E38-0563-2EFB-ABF8-A91F46152345}.Release|Any CPU.ActiveCfg = Release|Any CPU
		{C23B8E38-0563-2EFB-ABF8-A91F46152345}.Release|Any CPU.Build.0 = Release|Any CPU
		{4F49DBC9-A543-6DA6-3094-F551317BA529}.Debug|Any CPU.ActiveCfg = Debug|Any CPU
		{4F49DBC9-A543-6DA6-3094-F551317BA529}.Debug|Any CPU.Build.0 = Debug|Any CPU
		{4F49DBC9-A543-6DA6-3094-F551317BA529}.Release|Any CPU.ActiveCfg = Release|Any CPU
		{4F49DBC9-A543-6DA6-3094-F551317BA529}.Release|Any CPU.Build.0 = Release|Any CPU
		{F9E05099-26B9-FCE3-9B8F-6D71D9C0B287}.Debug|Any CPU.ActiveCfg = Debug|Any CPU
		{F9E05099-26B9-FCE3-9B8F-6D71D9C0B287}.Debug|Any CPU.Build.0 = Debug|Any CPU
		{F9E05099-26B9-FCE3-9B8F-6D71D9C0B287}.Release|Any CPU.ActiveCfg = Release|Any CPU
		{F9E05099-26B9-FCE3-9B8F-6D71D9C0B287}.Release|Any CPU.Build.0 = Release|Any CPU
		{CA06B604-EFD2-6C8F-9C66-7A5036EF0CC1}.Debug|Any CPU.ActiveCfg = Debug|Any CPU
		{CA06B604-EFD2-6C8F-9C66-7A5036EF0CC1}.Debug|Any CPU.Build.0 = Debug|Any CPU
		{CA06B604-EFD2-6C8F-9C66-7A5036EF0CC1}.Release|Any CPU.ActiveCfg = Release|Any CPU
		{CA06B604-EFD2-6C8F-9C66-7A5036EF0CC1}.Release|Any CPU.Build.0 = Release|Any CPU
		{B167B4AC-DAC3-B368-CD1F-5668D697AC85}.Debug|Any CPU.ActiveCfg = Debug|Any CPU
		{B167B4AC-DAC3-B368-CD1F-5668D697AC85}.Debug|Any CPU.Build.0 = Debug|Any CPU
		{B167B4AC-DAC3-B368-CD1F-5668D697AC85}.Release|Any CPU.ActiveCfg = Release|Any CPU
		{B167B4AC-DAC3-B368-CD1F-5668D697AC85}.Release|Any CPU.Build.0 = Release|Any CPU
		{28FA3E8B-9482-A573-77F8-D4E8A715EFAC}.Debug|Any CPU.ActiveCfg = Debug|Any CPU
		{28FA3E8B-9482-A573-77F8-D4E8A715EFAC}.Debug|Any CPU.Build.0 = Debug|Any CPU
		{28FA3E8B-9482-A573-77F8-D4E8A715EFAC}.Release|Any CPU.ActiveCfg = Release|Any CPU
		{28FA3E8B-9482-A573-77F8-D4E8A715EFAC}.Release|Any CPU.Build.0 = Release|Any CPU
		{0FE831AD-3CC2-CFB1-B985-4CB5E46E2181}.Debug|Any CPU.ActiveCfg = Debug|Any CPU
		{0FE831AD-3CC2-CFB1-B985-4CB5E46E2181}.Debug|Any CPU.Build.0 = Debug|Any CPU
		{0FE831AD-3CC2-CFB1-B985-4CB5E46E2181}.Release|Any CPU.ActiveCfg = Release|Any CPU
		{0FE831AD-3CC2-CFB1-B985-4CB5E46E2181}.Release|Any CPU.Build.0 = Release|Any CPU
		{68C4E88C-CB35-5431-7B1E-1568235BFB2E}.Debug|Any CPU.ActiveCfg = Debug|Any CPU
		{68C4E88C-CB35-5431-7B1E-1568235BFB2E}.Debug|Any CPU.Build.0 = Debug|Any CPU
		{68C4E88C-CB35-5431-7B1E-1568235BFB2E}.Release|Any CPU.ActiveCfg = Release|Any CPU
		{68C4E88C-CB35-5431-7B1E-1568235BFB2E}.Release|Any CPU.Build.0 = Release|Any CPU
		{FF1CD722-3B68-EEFE-0CFF-52DBA0C6F74C}.Debug|Any CPU.ActiveCfg = Debug|Any CPU
		{FF1CD722-3B68-EEFE-0CFF-52DBA0C6F74C}.Debug|Any CPU.Build.0 = Debug|Any CPU
		{FF1CD722-3B68-EEFE-0CFF-52DBA0C6F74C}.Release|Any CPU.ActiveCfg = Release|Any CPU
		{FF1CD722-3B68-EEFE-0CFF-52DBA0C6F74C}.Release|Any CPU.Build.0 = Release|Any CPU
		{53563007-D8FE-4977-4145-19315075C307}.Debug|Any CPU.ActiveCfg = Debug|Any CPU
		{53563007-D8FE-4977-4145-19315075C307}.Debug|Any CPU.Build.0 = Debug|Any CPU
		{53563007-D8FE-4977-4145-19315075C307}.Release|Any CPU.ActiveCfg = Release|Any CPU
		{53563007-D8FE-4977-4145-19315075C307}.Release|Any CPU.Build.0 = Release|Any CPU
		{212BA191-724F-8A6A-CA3C-EE67EEBD0774}.Debug|Any CPU.ActiveCfg = Debug|Any CPU
		{212BA191-724F-8A6A-CA3C-EE67EEBD0774}.Debug|Any CPU.Build.0 = Debug|Any CPU
		{212BA191-724F-8A6A-CA3C-EE67EEBD0774}.Release|Any CPU.ActiveCfg = Release|Any CPU
		{212BA191-724F-8A6A-CA3C-EE67EEBD0774}.Release|Any CPU.Build.0 = Release|Any CPU
		{0236815F-17FA-168B-C19C-32E613ABF124}.Debug|Any CPU.ActiveCfg = Debug|Any CPU
		{0236815F-17FA-168B-C19C-32E613ABF124}.Debug|Any CPU.Build.0 = Debug|Any CPU
		{0236815F-17FA-168B-C19C-32E613ABF124}.Release|Any CPU.ActiveCfg = Release|Any CPU
		{0236815F-17FA-168B-C19C-32E613ABF124}.Release|Any CPU.Build.0 = Release|Any CPU
		{BC664431-6B4D-B171-793D-3CE4583EDA3B}.Debug|Any CPU.ActiveCfg = Debug|Any CPU
		{BC664431-6B4D-B171-793D-3CE4583EDA3B}.Debug|Any CPU.Build.0 = Debug|Any CPU
		{BC664431-6B4D-B171-793D-3CE4583EDA3B}.Release|Any CPU.ActiveCfg = Release|Any CPU
		{BC664431-6B4D-B171-793D-3CE4583EDA3B}.Release|Any CPU.Build.0 = Release|Any CPU
		{D55737EA-C47E-C267-1E4A-3F111F59D4C0}.Debug|Any CPU.ActiveCfg = Debug|Any CPU
		{D55737EA-C47E-C267-1E4A-3F111F59D4C0}.Debug|Any CPU.Build.0 = Debug|Any CPU
		{D55737EA-C47E-C267-1E4A-3F111F59D4C0}.Release|Any CPU.ActiveCfg = Release|Any CPU
		{D55737EA-C47E-C267-1E4A-3F111F59D4C0}.Release|Any CPU.Build.0 = Release|Any CPU
		{66CB4E6C-B9D8-1EA1-4292-0623EDC6D03B}.Debug|Any CPU.ActiveCfg = Debug|Any CPU
		{66CB4E6C-B9D8-1EA1-4292-0623EDC6D03B}.Debug|Any CPU.Build.0 = Debug|Any CPU
		{66CB4E6C-B9D8-1EA1-4292-0623EDC6D03B}.Release|Any CPU.ActiveCfg = Release|Any CPU
		{66CB4E6C-B9D8-1EA1-4292-0623EDC6D03B}.Release|Any CPU.Build.0 = Release|Any CPU
		{32FD6D7C-4518-2F77-E20F-D307E83C81EF}.Debug|Any CPU.ActiveCfg = Debug|Any CPU
		{32FD6D7C-4518-2F77-E20F-D307E83C81EF}.Debug|Any CPU.Build.0 = Debug|Any CPU
		{32FD6D7C-4518-2F77-E20F-D307E83C81EF}.Release|Any CPU.ActiveCfg = Release|Any CPU
		{32FD6D7C-4518-2F77-E20F-D307E83C81EF}.Release|Any CPU.Build.0 = Release|Any CPU
		{82769C00-2529-8BC3-384E-E7E500B86FF4}.Debug|Any CPU.ActiveCfg = Debug|Any CPU
		{82769C00-2529-8BC3-384E-E7E500B86FF4}.Debug|Any CPU.Build.0 = Debug|Any CPU
		{82769C00-2529-8BC3-384E-E7E500B86FF4}.Release|Any CPU.ActiveCfg = Release|Any CPU
		{82769C00-2529-8BC3-384E-E7E500B86FF4}.Release|Any CPU.Build.0 = Release|Any CPU
		{F6A1796C-6D69-ECB0-96B9-7D56561301E9}.Debug|Any CPU.ActiveCfg = Debug|Any CPU
		{F6A1796C-6D69-ECB0-96B9-7D56561301E9}.Debug|Any CPU.Build.0 = Debug|Any CPU
		{F6A1796C-6D69-ECB0-96B9-7D56561301E9}.Release|Any CPU.ActiveCfg = Release|Any CPU
		{F6A1796C-6D69-ECB0-96B9-7D56561301E9}.Release|Any CPU.Build.0 = Release|Any CPU
		{3A24AAD8-217F-76DD-E520-5E14BEE9C6F7}.Debug|Any CPU.ActiveCfg = Debug|Any CPU
		{3A24AAD8-217F-76DD-E520-5E14BEE9C6F7}.Debug|Any CPU.Build.0 = Debug|Any CPU
		{3A24AAD8-217F-76DD-E520-5E14BEE9C6F7}.Release|Any CPU.ActiveCfg = Release|Any CPU
		{3A24AAD8-217F-76DD-E520-5E14BEE9C6F7}.Release|Any CPU.Build.0 = Release|Any CPU
	EndGlobalSection
	GlobalSection(SolutionProperties) = preSolution
		HideSolutionNode = FALSE
	EndGlobalSection
EndGlobal
